// !$*UTF8*$!
{
	archiveVersion = 1;
	classes = {
	};
	objectVersion = 52;
	objects = {

/* Begin PBXBuildFile section */
		3207EA4E24DE798700E81F13 /* NewsListAdapter.swift in Sources */ = {isa = PBXBuildFile; fileRef = 3207EA4D24DE798700E81F13 /* NewsListAdapter.swift */; };
		32D6FC6724DD5F93002A6541 /* AppDelegate.swift in Sources */ = {isa = PBXBuildFile; fileRef = 32D6FC6624DD5F93002A6541 /* AppDelegate.swift */; };
		32D6FC6924DD5F93002A6541 /* SceneDelegate.swift in Sources */ = {isa = PBXBuildFile; fileRef = 32D6FC6824DD5F93002A6541 /* SceneDelegate.swift */; };
		32D6FC6B24DD5F93002A6541 /* ViewController.swift in Sources */ = {isa = PBXBuildFile; fileRef = 32D6FC6A24DD5F93002A6541 /* ViewController.swift */; };
		32D6FC6E24DD5F93002A6541 /* Main.storyboard in Resources */ = {isa = PBXBuildFile; fileRef = 32D6FC6C24DD5F93002A6541 /* Main.storyboard */; };
		32D6FC7024DD5F94002A6541 /* Assets.xcassets in Resources */ = {isa = PBXBuildFile; fileRef = 32D6FC6F24DD5F94002A6541 /* Assets.xcassets */; };
		32D6FC7324DD5F94002A6541 /* LaunchScreen.storyboard in Resources */ = {isa = PBXBuildFile; fileRef = 32D6FC7124DD5F94002A6541 /* LaunchScreen.storyboard */; };
		32D6FC7C24DD6010002A6541 /* NewsListVC.swift in Sources */ = {isa = PBXBuildFile; fileRef = 32D6FC7A24DD6010002A6541 /* NewsListVC.swift */; };
		32D6FC7D24DD6010002A6541 /* NewsListVC.xib in Resources */ = {isa = PBXBuildFile; fileRef = 32D6FC7B24DD6010002A6541 /* NewsListVC.xib */; };
		32D6FC8224DD685F002A6541 /* INewsListView.swift in Sources */ = {isa = PBXBuildFile; fileRef = 32D6FC8124DD685F002A6541 /* INewsListView.swift */; };
		32D6FC8524DD6BFE002A6541 /* NewsItem.swift in Sources */ = {isa = PBXBuildFile; fileRef = 32D6FC8424DD6BFE002A6541 /* NewsItem.swift */; };
		32D6FC8724DD70AE002A6541 /* NewsList.swift in Sources */ = {isa = PBXBuildFile; fileRef = 32D6FC8624DD70AE002A6541 /* NewsList.swift */; };
		32D6FC8924DD733A002A6541 /* NewsListPresenter.swift in Sources */ = {isa = PBXBuildFile; fileRef = 32D6FC8824DD733A002A6541 /* NewsListPresenter.swift */; };
		32D6FC8B24DD73A6002A6541 /* INewsListPresenter.swift in Sources */ = {isa = PBXBuildFile; fileRef = 32D6FC8A24DD73A6002A6541 /* INewsListPresenter.swift */; };
		32D6FC8E24DD76B8002A6541 /* NetworkService.swift in Sources */ = {isa = PBXBuildFile; fileRef = 32D6FC8D24DD76B8002A6541 /* NetworkService.swift */; };
		32D6FC9024DD7726002A6541 /* NetworkConfiguration.swift in Sources */ = {isa = PBXBuildFile; fileRef = 32D6FC8F24DD7726002A6541 /* NetworkConfiguration.swift */; };
		32D6FC9224DD7992002A6541 /* INetworkConfiguration.swift in Sources */ = {isa = PBXBuildFile; fileRef = 32D6FC9124DD7992002A6541 /* INetworkConfiguration.swift */; };
		32D6FC9424DD8D82002A6541 /* ContentResponse.swift in Sources */ = {isa = PBXBuildFile; fileRef = 32D6FC9324DD8D82002A6541 /* ContentResponse.swift */; };
		32D6FC9624DD9A51002A6541 /* INetworkService.swift in Sources */ = {isa = PBXBuildFile; fileRef = 32D6FC9524DD9A51002A6541 /* INetworkService.swift */; };
		32D6FC9A24DD9AFC002A6541 /* NewsService.swift in Sources */ = {isa = PBXBuildFile; fileRef = 32D6FC9924DD9AFC002A6541 /* NewsService.swift */; };
		32D6FC9D24DDAE51002A6541 /* Kingfisher in Frameworks */ = {isa = PBXBuildFile; productRef = 32D6FC9C24DDAE51002A6541 /* Kingfisher */; };
		32D6FCA124DDAEFC002A6541 /* NewsListViewCell.swift in Sources */ = {isa = PBXBuildFile; fileRef = 32D6FC9F24DDAEFC002A6541 /* NewsListViewCell.swift */; };
		32D6FCA224DDAEFC002A6541 /* NewsListViewCell.xib in Resources */ = {isa = PBXBuildFile; fileRef = 32D6FCA024DDAEFC002A6541 /* NewsListViewCell.xib */; };
/* End PBXBuildFile section */

/* Begin PBXFileReference section */
		3207EA4D24DE798700E81F13 /* NewsListAdapter.swift */ = {isa = PBXFileReference; lastKnownFileType = sourcecode.swift; path = NewsListAdapter.swift; sourceTree = "<group>"; };
		32D6FC6324DD5F93002A6541 /* newsapp.app */ = {isa = PBXFileReference; explicitFileType = wrapper.application; includeInIndex = 0; path = newsapp.app; sourceTree = BUILT_PRODUCTS_DIR; };
		32D6FC6624DD5F93002A6541 /* AppDelegate.swift */ = {isa = PBXFileReference; lastKnownFileType = sourcecode.swift; path = AppDelegate.swift; sourceTree = "<group>"; };
		32D6FC6824DD5F93002A6541 /* SceneDelegate.swift */ = {isa = PBXFileReference; lastKnownFileType = sourcecode.swift; path = SceneDelegate.swift; sourceTree = "<group>"; };
		32D6FC6A24DD5F93002A6541 /* ViewController.swift */ = {isa = PBXFileReference; lastKnownFileType = sourcecode.swift; path = ViewController.swift; sourceTree = "<group>"; };
		32D6FC6D24DD5F93002A6541 /* Base */ = {isa = PBXFileReference; lastKnownFileType = file.storyboard; name = Base; path = Base.lproj/Main.storyboard; sourceTree = "<group>"; };
		32D6FC6F24DD5F94002A6541 /* Assets.xcassets */ = {isa = PBXFileReference; lastKnownFileType = folder.assetcatalog; path = Assets.xcassets; sourceTree = "<group>"; };
		32D6FC7224DD5F94002A6541 /* Base */ = {isa = PBXFileReference; lastKnownFileType = file.storyboard; name = Base; path = Base.lproj/LaunchScreen.storyboard; sourceTree = "<group>"; };
		32D6FC7424DD5F94002A6541 /* Info.plist */ = {isa = PBXFileReference; lastKnownFileType = text.plist.xml; path = Info.plist; sourceTree = "<group>"; };
		32D6FC7A24DD6010002A6541 /* NewsListVC.swift */ = {isa = PBXFileReference; lastKnownFileType = sourcecode.swift; path = NewsListVC.swift; sourceTree = "<group>"; };
		32D6FC7B24DD6010002A6541 /* NewsListVC.xib */ = {isa = PBXFileReference; lastKnownFileType = file.xib; path = NewsListVC.xib; sourceTree = "<group>"; };
		32D6FC8124DD685F002A6541 /* INewsListView.swift */ = {isa = PBXFileReference; lastKnownFileType = sourcecode.swift; path = INewsListView.swift; sourceTree = "<group>"; };
		32D6FC8424DD6BFE002A6541 /* NewsItem.swift */ = {isa = PBXFileReference; lastKnownFileType = sourcecode.swift; path = NewsItem.swift; sourceTree = "<group>"; };
		32D6FC8624DD70AE002A6541 /* NewsList.swift */ = {isa = PBXFileReference; lastKnownFileType = sourcecode.swift; path = NewsList.swift; sourceTree = "<group>"; };
		32D6FC8824DD733A002A6541 /* NewsListPresenter.swift */ = {isa = PBXFileReference; lastKnownFileType = sourcecode.swift; path = NewsListPresenter.swift; sourceTree = "<group>"; };
		32D6FC8A24DD73A6002A6541 /* INewsListPresenter.swift */ = {isa = PBXFileReference; lastKnownFileType = sourcecode.swift; path = INewsListPresenter.swift; sourceTree = "<group>"; };
		32D6FC8D24DD76B8002A6541 /* NetworkService.swift */ = {isa = PBXFileReference; lastKnownFileType = sourcecode.swift; path = NetworkService.swift; sourceTree = "<group>"; };
		32D6FC8F24DD7726002A6541 /* NetworkConfiguration.swift */ = {isa = PBXFileReference; lastKnownFileType = sourcecode.swift; path = NetworkConfiguration.swift; sourceTree = "<group>"; };
		32D6FC9124DD7992002A6541 /* INetworkConfiguration.swift */ = {isa = PBXFileReference; lastKnownFileType = sourcecode.swift; path = INetworkConfiguration.swift; sourceTree = "<group>"; };
		32D6FC9324DD8D82002A6541 /* ContentResponse.swift */ = {isa = PBXFileReference; lastKnownFileType = sourcecode.swift; path = ContentResponse.swift; sourceTree = "<group>"; };
		32D6FC9524DD9A51002A6541 /* INetworkService.swift */ = {isa = PBXFileReference; lastKnownFileType = sourcecode.swift; path = INetworkService.swift; sourceTree = "<group>"; };
		32D6FC9924DD9AFC002A6541 /* NewsService.swift */ = {isa = PBXFileReference; lastKnownFileType = sourcecode.swift; path = NewsService.swift; sourceTree = "<group>"; };
		32D6FC9F24DDAEFC002A6541 /* NewsListViewCell.swift */ = {isa = PBXFileReference; lastKnownFileType = sourcecode.swift; path = NewsListViewCell.swift; sourceTree = "<group>"; };
		32D6FCA024DDAEFC002A6541 /* NewsListViewCell.xib */ = {isa = PBXFileReference; lastKnownFileType = file.xib; path = NewsListViewCell.xib; sourceTree = "<group>"; };
/* End PBXFileReference section */

/* Begin PBXFrameworksBuildPhase section */
		32D6FC6024DD5F93002A6541 /* Frameworks */ = {
			isa = PBXFrameworksBuildPhase;
			buildActionMask = 2147483647;
			files = (
				32D6FC9D24DDAE51002A6541 /* Kingfisher in Frameworks */,
			);
			runOnlyForDeploymentPostprocessing = 0;
		};
/* End PBXFrameworksBuildPhase section */

/* Begin PBXGroup section */
		3207EA4C24DE794B00E81F13 /* adapter */ = {
			isa = PBXGroup;
			children = (
				3207EA4D24DE798700E81F13 /* NewsListAdapter.swift */,
			);
			path = adapter;
			sourceTree = "<group>";
		};
		32D6FC5A24DD5F93002A6541 = {
			isa = PBXGroup;
			children = (
				32D6FC6524DD5F93002A6541 /* newsapp */,
				32D6FC6424DD5F93002A6541 /* Products */,
			);
			sourceTree = "<group>";
		};
		32D6FC6424DD5F93002A6541 /* Products */ = {
			isa = PBXGroup;
			children = (
				32D6FC6324DD5F93002A6541 /* newsapp.app */,
			);
			name = Products;
			sourceTree = "<group>";
		};
		32D6FC6524DD5F93002A6541 /* newsapp */ = {
			isa = PBXGroup;
			children = (
				32D6FC8C24DD7690002A6541 /* service */,
				32D6FC8324DD6907002A6541 /* data */,
				32D6FC7E24DD67C8002A6541 /* newslist */,
				32D6FC6624DD5F93002A6541 /* AppDelegate.swift */,
				32D6FC6824DD5F93002A6541 /* SceneDelegate.swift */,
				32D6FC6A24DD5F93002A6541 /* ViewController.swift */,
				32D6FC6C24DD5F93002A6541 /* Main.storyboard */,
				32D6FC6F24DD5F94002A6541 /* Assets.xcassets */,
				32D6FC7124DD5F94002A6541 /* LaunchScreen.storyboard */,
				32D6FC7424DD5F94002A6541 /* Info.plist */,
			);
			path = newsapp;
			sourceTree = "<group>";
		};
		32D6FC7E24DD67C8002A6541 /* newslist */ = {
			isa = PBXGroup;
			children = (
				3207EA4C24DE794B00E81F13 /* adapter */,
				32D6FC8024DD6815002A6541 /* presenter */,
				32D6FC7F24DD67F4002A6541 /* view */,
			);
			path = newslist;
			sourceTree = "<group>";
		};
		32D6FC7F24DD67F4002A6541 /* view */ = {
			isa = PBXGroup;
			children = (
				32D6FC9E24DDAE6E002A6541 /* viewcell */,
				32D6FC7A24DD6010002A6541 /* NewsListVC.swift */,
				32D6FC7B24DD6010002A6541 /* NewsListVC.xib */,
				32D6FC8124DD685F002A6541 /* INewsListView.swift */,
			);
			path = view;
			sourceTree = "<group>";
		};
		32D6FC8024DD6815002A6541 /* presenter */ = {
			isa = PBXGroup;
			children = (
				32D6FC8824DD733A002A6541 /* NewsListPresenter.swift */,
				32D6FC8A24DD73A6002A6541 /* INewsListPresenter.swift */,
			);
			path = presenter;
			sourceTree = "<group>";
		};
		32D6FC8324DD6907002A6541 /* data */ = {
			isa = PBXGroup;
			children = (
				32D6FC8424DD6BFE002A6541 /* NewsItem.swift */,
				32D6FC8624DD70AE002A6541 /* NewsList.swift */,
			);
			path = data;
			sourceTree = "<group>";
		};
		32D6FC8C24DD7690002A6541 /* service */ = {
			isa = PBXGroup;
			children = (
				32D6FC9824DD9AD4002A6541 /* newsservice */,
				32D6FC8D24DD76B8002A6541 /* NetworkService.swift */,
				32D6FC8F24DD7726002A6541 /* NetworkConfiguration.swift */,
				32D6FC9124DD7992002A6541 /* INetworkConfiguration.swift */,
				32D6FC9324DD8D82002A6541 /* ContentResponse.swift */,
				32D6FC9524DD9A51002A6541 /* INetworkService.swift */,
			);
			path = service;
			sourceTree = "<group>";
		};
		32D6FC9824DD9AD4002A6541 /* newsservice */ = {
			isa = PBXGroup;
			children = (
				32D6FC9924DD9AFC002A6541 /* NewsService.swift */,
			);
			path = newsservice;
			sourceTree = "<group>";
		};
		32D6FC9E24DDAE6E002A6541 /* viewcell */ = {
			isa = PBXGroup;
			children = (
				32D6FC9F24DDAEFC002A6541 /* NewsListViewCell.swift */,
				32D6FCA024DDAEFC002A6541 /* NewsListViewCell.xib */,
			);
			path = viewcell;
			sourceTree = "<group>";
		};
/* End PBXGroup section */

/* Begin PBXNativeTarget section */
		32D6FC6224DD5F93002A6541 /* newsapp */ = {
			isa = PBXNativeTarget;
			buildConfigurationList = 32D6FC7724DD5F94002A6541 /* Build configuration list for PBXNativeTarget "newsapp" */;
			buildPhases = (
				32D6FC5F24DD5F93002A6541 /* Sources */,
				32D6FC6024DD5F93002A6541 /* Frameworks */,
				32D6FC6124DD5F93002A6541 /* Resources */,
			);
			buildRules = (
			);
			dependencies = (
			);
			name = newsapp;
			packageProductDependencies = (
				32D6FC9C24DDAE51002A6541 /* Kingfisher */,
			);
			productName = newsapp;
			productReference = 32D6FC6324DD5F93002A6541 /* newsapp.app */;
			productType = "com.apple.product-type.application";
		};
/* End PBXNativeTarget section */

/* Begin PBXProject section */
		32D6FC5B24DD5F93002A6541 /* Project object */ = {
			isa = PBXProject;
			attributes = {
				LastSwiftUpdateCheck = 1110;
				LastUpgradeCheck = 1110;
				ORGANIZATIONNAME = "Dmitry Moskovenko";
				TargetAttributes = {
					32D6FC6224DD5F93002A6541 = {
						CreatedOnToolsVersion = 11.1;
					};
				};
			};
			buildConfigurationList = 32D6FC5E24DD5F93002A6541 /* Build configuration list for PBXProject "newsapp" */;
			compatibilityVersion = "Xcode 9.3";
			developmentRegion = en;
			hasScannedForEncodings = 0;
			knownRegions = (
				en,
				Base,
			);
			mainGroup = 32D6FC5A24DD5F93002A6541;
			packageReferences = (
				32D6FC9B24DDAE51002A6541 /* XCRemoteSwiftPackageReference "Kingfisher" */,
			);
			productRefGroup = 32D6FC6424DD5F93002A6541 /* Products */;
			projectDirPath = "";
			projectRoot = "";
			targets = (
				32D6FC6224DD5F93002A6541 /* newsapp */,
			);
		};
/* End PBXProject section */

/* Begin PBXResourcesBuildPhase section */
		32D6FC6124DD5F93002A6541 /* Resources */ = {
			isa = PBXResourcesBuildPhase;
			buildActionMask = 2147483647;
			files = (
				32D6FC7324DD5F94002A6541 /* LaunchScreen.storyboard in Resources */,
				32D6FC7D24DD6010002A6541 /* NewsListVC.xib in Resources */,
				32D6FC7024DD5F94002A6541 /* Assets.xcassets in Resources */,
				32D6FCA224DDAEFC002A6541 /* NewsListViewCell.xib in Resources */,
				32D6FC6E24DD5F93002A6541 /* Main.storyboard in Resources */,
			);
			runOnlyForDeploymentPostprocessing = 0;
		};
/* End PBXResourcesBuildPhase section */

/* Begin PBXSourcesBuildPhase section */
		32D6FC5F24DD5F93002A6541 /* Sources */ = {
			isa = PBXSourcesBuildPhase;
			buildActionMask = 2147483647;
			files = (
				32D6FC9A24DD9AFC002A6541 /* NewsService.swift in Sources */,
				32D6FC8E24DD76B8002A6541 /* NetworkService.swift in Sources */,
				32D6FC6B24DD5F93002A6541 /* ViewController.swift in Sources */,
				32D6FC8524DD6BFE002A6541 /* NewsItem.swift in Sources */,
				32D6FC8B24DD73A6002A6541 /* INewsListPresenter.swift in Sources */,
				32D6FCA124DDAEFC002A6541 /* NewsListViewCell.swift in Sources */,
				32D6FC8724DD70AE002A6541 /* NewsList.swift in Sources */,
				32D6FC9424DD8D82002A6541 /* ContentResponse.swift in Sources */,
				32D6FC9624DD9A51002A6541 /* INetworkService.swift in Sources */,
				32D6FC8924DD733A002A6541 /* NewsListPresenter.swift in Sources */,
				32D6FC7C24DD6010002A6541 /* NewsListVC.swift in Sources */,
				32D6FC8224DD685F002A6541 /* INewsListView.swift in Sources */,
				32D6FC6724DD5F93002A6541 /* AppDelegate.swift in Sources */,
				3207EA4E24DE798700E81F13 /* NewsListAdapter.swift in Sources */,
				32D6FC9224DD7992002A6541 /* INetworkConfiguration.swift in Sources */,
				32D6FC9024DD7726002A6541 /* NetworkConfiguration.swift in Sources */,
				32D6FC6924DD5F93002A6541 /* SceneDelegate.swift in Sources */,
			);
			runOnlyForDeploymentPostprocessing = 0;
		};
/* End PBXSourcesBuildPhase section */

/* Begin PBXVariantGroup section */
		32D6FC6C24DD5F93002A6541 /* Main.storyboard */ = {
			isa = PBXVariantGroup;
			children = (
				32D6FC6D24DD5F93002A6541 /* Base */,
			);
			name = Main.storyboard;
			sourceTree = "<group>";
		};
		32D6FC7124DD5F94002A6541 /* LaunchScreen.storyboard */ = {
			isa = PBXVariantGroup;
			children = (
				32D6FC7224DD5F94002A6541 /* Base */,
			);
			name = LaunchScreen.storyboard;
			sourceTree = "<group>";
		};
/* End PBXVariantGroup section */

/* Begin XCBuildConfiguration section */
		32D6FC7524DD5F94002A6541 /* Debug */ = {
			isa = XCBuildConfiguration;
			buildSettings = {
				ALWAYS_SEARCH_USER_PATHS = NO;
				CLANG_ANALYZER_NONNULL = YES;
				CLANG_ANALYZER_NUMBER_OBJECT_CONVERSION = YES_AGGRESSIVE;
				CLANG_CXX_LANGUAGE_STANDARD = "gnu++14";
				CLANG_CXX_LIBRARY = "libc++";
				CLANG_ENABLE_MODULES = YES;
				CLANG_ENABLE_OBJC_ARC = YES;
				CLANG_ENABLE_OBJC_WEAK = YES;
				CLANG_WARN_BLOCK_CAPTURE_AUTORELEASING = YES;
				CLANG_WARN_BOOL_CONVERSION = YES;
				CLANG_WARN_COMMA = YES;
				CLANG_WARN_CONSTANT_CONVERSION = YES;
				CLANG_WARN_DEPRECATED_OBJC_IMPLEMENTATIONS = YES;
				CLANG_WARN_DIRECT_OBJC_ISA_USAGE = YES_ERROR;
				CLANG_WARN_DOCUMENTATION_COMMENTS = YES;
				CLANG_WARN_EMPTY_BODY = YES;
				CLANG_WARN_ENUM_CONVERSION = YES;
				CLANG_WARN_INFINITE_RECURSION = YES;
				CLANG_WARN_INT_CONVERSION = YES;
				CLANG_WARN_NON_LITERAL_NULL_CONVERSION = YES;
				CLANG_WARN_OBJC_IMPLICIT_RETAIN_SELF = YES;
				CLANG_WARN_OBJC_LITERAL_CONVERSION = YES;
				CLANG_WARN_OBJC_ROOT_CLASS = YES_ERROR;
				CLANG_WARN_RANGE_LOOP_ANALYSIS = YES;
				CLANG_WARN_STRICT_PROTOTYPES = YES;
				CLANG_WARN_SUSPICIOUS_MOVE = YES;
				CLANG_WARN_UNGUARDED_AVAILABILITY = YES_AGGRESSIVE;
				CLANG_WARN_UNREACHABLE_CODE = YES;
				CLANG_WARN__DUPLICATE_METHOD_MATCH = YES;
				COPY_PHASE_STRIP = NO;
				DEBUG_INFORMATION_FORMAT = dwarf;
				ENABLE_STRICT_OBJC_MSGSEND = YES;
				ENABLE_TESTABILITY = YES;
				GCC_C_LANGUAGE_STANDARD = gnu11;
				GCC_DYNAMIC_NO_PIC = NO;
				GCC_NO_COMMON_BLOCKS = YES;
				GCC_OPTIMIZATION_LEVEL = 0;
				GCC_PREPROCESSOR_DEFINITIONS = (
					"DEBUG=1",
					"$(inherited)",
				);
				GCC_WARN_64_TO_32_BIT_CONVERSION = YES;
				GCC_WARN_ABOUT_RETURN_TYPE = YES_ERROR;
				GCC_WARN_UNDECLARED_SELECTOR = YES;
				GCC_WARN_UNINITIALIZED_AUTOS = YES_AGGRESSIVE;
				GCC_WARN_UNUSED_FUNCTION = YES;
				GCC_WARN_UNUSED_VARIABLE = YES;
				IPHONEOS_DEPLOYMENT_TARGET = 13.1;
				MTL_ENABLE_DEBUG_INFO = INCLUDE_SOURCE;
				MTL_FAST_MATH = YES;
				ONLY_ACTIVE_ARCH = YES;
				SDKROOT = iphoneos;
				SWIFT_ACTIVE_COMPILATION_CONDITIONS = DEBUG;
				SWIFT_OPTIMIZATION_LEVEL = "-Onone";
			};
			name = Debug;
		};
		32D6FC7624DD5F94002A6541 /* Release */ = {
			isa = XCBuildConfiguration;
			buildSettings = {
				ALWAYS_SEARCH_USER_PATHS = NO;
				CLANG_ANALYZER_NONNULL = YES;
				CLANG_ANALYZER_NUMBER_OBJECT_CONVERSION = YES_AGGRESSIVE;
				CLANG_CXX_LANGUAGE_STANDARD = "gnu++14";
				CLANG_CXX_LIBRARY = "libc++";
				CLANG_ENABLE_MODULES = YES;
				CLANG_ENABLE_OBJC_ARC = YES;
				CLANG_ENABLE_OBJC_WEAK = YES;
				CLANG_WARN_BLOCK_CAPTURE_AUTORELEASING = YES;
				CLANG_WARN_BOOL_CONVERSION = YES;
				CLANG_WARN_COMMA = YES;
				CLANG_WARN_CONSTANT_CONVERSION = YES;
				CLANG_WARN_DEPRECATED_OBJC_IMPLEMENTATIONS = YES;
				CLANG_WARN_DIRECT_OBJC_ISA_USAGE = YES_ERROR;
				CLANG_WARN_DOCUMENTATION_COMMENTS = YES;
				CLANG_WARN_EMPTY_BODY = YES;
				CLANG_WARN_ENUM_CONVERSION = YES;
				CLANG_WARN_INFINITE_RECURSION = YES;
				CLANG_WARN_INT_CONVERSION = YES;
				CLANG_WARN_NON_LITERAL_NULL_CONVERSION = YES;
				CLANG_WARN_OBJC_IMPLICIT_RETAIN_SELF = YES;
				CLANG_WARN_OBJC_LITERAL_CONVERSION = YES;
				CLANG_WARN_OBJC_ROOT_CLASS = YES_ERROR;
				CLANG_WARN_RANGE_LOOP_ANALYSIS = YES;
				CLANG_WARN_STRICT_PROTOTYPES = YES;
				CLANG_WARN_SUSPICIOUS_MOVE = YES;
				CLANG_WARN_UNGUARDED_AVAILABILITY = YES_AGGRESSIVE;
				CLANG_WARN_UNREACHABLE_CODE = YES;
				CLANG_WARN__DUPLICATE_METHOD_MATCH = YES;
				COPY_PHASE_STRIP = NO;
				DEBUG_INFORMATION_FORMAT = "dwarf-with-dsym";
				ENABLE_NS_ASSERTIONS = NO;
				ENABLE_STRICT_OBJC_MSGSEND = YES;
				GCC_C_LANGUAGE_STANDARD = gnu11;
				GCC_NO_COMMON_BLOCKS = YES;
				GCC_WARN_64_TO_32_BIT_CONVERSION = YES;
				GCC_WARN_ABOUT_RETURN_TYPE = YES_ERROR;
				GCC_WARN_UNDECLARED_SELECTOR = YES;
				GCC_WARN_UNINITIALIZED_AUTOS = YES_AGGRESSIVE;
				GCC_WARN_UNUSED_FUNCTION = YES;
				GCC_WARN_UNUSED_VARIABLE = YES;
				IPHONEOS_DEPLOYMENT_TARGET = 13.1;
				MTL_ENABLE_DEBUG_INFO = NO;
				MTL_FAST_MATH = YES;
				SDKROOT = iphoneos;
				SWIFT_COMPILATION_MODE = wholemodule;
				SWIFT_OPTIMIZATION_LEVEL = "-O";
				VALIDATE_PRODUCT = YES;
			};
			name = Release;
		};
		32D6FC7824DD5F94002A6541 /* Debug */ = {
			isa = XCBuildConfiguration;
			buildSettings = {
				ASSETCATALOG_COMPILER_APPICON_NAME = AppIcon;
				CODE_SIGN_STYLE = Automatic;
				DEVELOPMENT_TEAM = 3VNLLYKGN9;
				INFOPLIST_FILE = newsapp/Info.plist;
				LD_RUNPATH_SEARCH_PATHS = (
					"$(inherited)",
					"@executable_path/Frameworks",
				);
				PRODUCT_BUNDLE_IDENTIFIER = com.dmoskovenko.newsapp;
				PRODUCT_NAME = "$(TARGET_NAME)";
				SWIFT_VERSION = 5.0;
				TARGETED_DEVICE_FAMILY = "1,2";
			};
			name = Debug;
		};
		32D6FC7924DD5F94002A6541 /* Release */ = {
			isa = XCBuildConfiguration;
			buildSettings = {
				ASSETCATALOG_COMPILER_APPICON_NAME = AppIcon;
				CODE_SIGN_STYLE = Automatic;
				DEVELOPMENT_TEAM = 3VNLLYKGN9;
				INFOPLIST_FILE = newsapp/Info.plist;
				LD_RUNPATH_SEARCH_PATHS = (
					"$(inherited)",
					"@executable_path/Frameworks",
				);
				PRODUCT_BUNDLE_IDENTIFIER = com.dmoskovenko.newsapp;
				PRODUCT_NAME = "$(TARGET_NAME)";
				SWIFT_VERSION = 5.0;
				TARGETED_DEVICE_FAMILY = "1,2";
			};
			name = Release;
		};
/* End XCBuildConfiguration section */

/* Begin XCConfigurationList section */
		32D6FC5E24DD5F93002A6541 /* Build configuration list for PBXProject "newsapp" */ = {
			isa = XCConfigurationList;
			buildConfigurations = (
				32D6FC7524DD5F94002A6541 /* Debug */,
				32D6FC7624DD5F94002A6541 /* Release */,
			);
			defaultConfigurationIsVisible = 0;
			defaultConfigurationName = Release;
		};
		32D6FC7724DD5F94002A6541 /* Build configuration list for PBXNativeTarget "newsapp" */ = {
			isa = XCConfigurationList;
			buildConfigurations = (
				32D6FC7824DD5F94002A6541 /* Debug */,
				32D6FC7924DD5F94002A6541 /* Release */,
			);
			defaultConfigurationIsVisible = 0;
			defaultConfigurationName = Release;
		};
/* End XCConfigurationList section */

/* Begin XCRemoteSwiftPackageReference section */
		32D6FC9B24DDAE51002A6541 /* XCRemoteSwiftPackageReference "Kingfisher" */ = {
			isa = XCRemoteSwiftPackageReference;
			repositoryURL = "https://github.com/onevcat/Kingfisher";
			requirement = {
				kind = upToNextMajorVersion;
				minimumVersion = 5.14.1;
			};
		};
/* End XCRemoteSwiftPackageReference section */

/* Begin XCSwiftPackageProductDependency section */
		32D6FC9C24DDAE51002A6541 /* Kingfisher */ = {
			isa = XCSwiftPackageProductDependency;
			package = 32D6FC9B24DDAE51002A6541 /* XCRemoteSwiftPackageReference "Kingfisher" */;
			productName = Kingfisher;
		};
/* End XCSwiftPackageProductDependency section */
	};
	rootObject = 32D6FC5B24DD5F93002A6541 /* Project object */;
}
